
Microsoft Visual Studio Solution File, Format Version 11.00
# Visual C++ Express 2010
Project("{8BC9CEB8-8B4A-11D0-8D11-00A0C91BC942}") = "projGUI2", "projGUI2\projGUI2.vcxproj", "{29780EA5-AC61-475E-8056-3AD6BE7E2342}"
EndProject
Global
	GlobalSection(SolutionConfigurationPlatforms) = preSolution
		Debug|Win32 = Debug|Win32
		Release|Win32 = Release|Win32
	EndGlobalSection
	GlobalSection(ProjectConfigurationPlatforms) = postSolution
		{29780EA5-AC61-475E-8056-3AD6BE7E2342}.Debug|Win32.ActiveCfg = Debug|Win32
		{29780EA5-AC61-475E-8056-3AD6BE7E2342}.Debug|Win32.Build.0 = Debug|Win32
		{29780EA5-AC61-475E-8056-3AD6BE7E2342}.Release|Win32.ActiveCfg = Release|Win32
		{29780EA5-AC61-475E-8056-3AD6BE7E2342}.Release|Win32.Build.0 = Release|Win32
	EndGlobalSection
	GlobalSection(SolutionProperties) = preSolution
		HideSolutionNode = FALSE
	EndGlobalSection
EndGlobal
